// !$*UTF8*$!
{
	archiveVersion = 1;
	classes = {
	};
	objectVersion = 55;
	objects = {

/* Begin PBXBuildFile section */
		11670ED2280206CA00F20601 /* Game.swift in Sources */ = {isa = PBXBuildFile; fileRef = 11670ED1280206CA00F20601 /* Game.swift */; };
		11670EDA28020AFA00F20601 /* BullseyeNOlesiakTests.swift in Sources */ = {isa = PBXBuildFile; fileRef = 11670ED928020AFA00F20601 /* BullseyeNOlesiakTests.swift */; };
		11670EE128021CCC00F20601 /* TextViews.swift in Sources */ = {isa = PBXBuildFile; fileRef = 11670EE028021CCC00F20601 /* TextViews.swift */; };
		11E142ED2801E98400E42D0E /* BullseyeNOlesiakApp.swift in Sources */ = {isa = PBXBuildFile; fileRef = 11E142EC2801E98400E42D0E /* BullseyeNOlesiakApp.swift */; };
		11E142EF2801E98400E42D0E /* ContentView.swift in Sources */ = {isa = PBXBuildFile; fileRef = 11E142EE2801E98400E42D0E /* ContentView.swift */; };
		11E142F12801E98500E42D0E /* Assets.xcassets in Resources */ = {isa = PBXBuildFile; fileRef = 11E142F02801E98500E42D0E /* Assets.xcassets */; };
		11E142F42801E98500E42D0E /* Preview Assets.xcassets in Resources */ = {isa = PBXBuildFile; fileRef = 11E142F32801E98500E42D0E /* Preview Assets.xcassets */; };
/* End PBXBuildFile section */

/* Begin PBXContainerItemProxy section */
		11670EDB28020AFA00F20601 /* PBXContainerItemProxy */ = {
			isa = PBXContainerItemProxy;
			containerPortal = 11E142E12801E98400E42D0E /* Project object */;
			proxyType = 1;
			remoteGlobalIDString = 11E142E82801E98400E42D0E;
			remoteInfo = BullseyeNOlesiak;
		};
/* End PBXContainerItemProxy section */

/* Begin PBXFileReference section */
		11670ED1280206CA00F20601 /* Game.swift */ = {isa = PBXFileReference; lastKnownFileType = sourcecode.swift; path = Game.swift; sourceTree = "<group>"; };
		11670ED728020AFA00F20601 /* BullseyeNOlesiakTests.xctest */ = {isa = PBXFileReference; explicitFileType = wrapper.cfbundle; includeInIndex = 0; path = BullseyeNOlesiakTests.xctest; sourceTree = BUILT_PRODUCTS_DIR; };
		11670ED928020AFA00F20601 /* BullseyeNOlesiakTests.swift */ = {isa = PBXFileReference; lastKnownFileType = sourcecode.swift; path = BullseyeNOlesiakTests.swift; sourceTree = "<group>"; };
		11670EE028021CCC00F20601 /* TextViews.swift */ = {isa = PBXFileReference; lastKnownFileType = sourcecode.swift; path = TextViews.swift; sourceTree = "<group>"; };
		11E142E92801E98400E42D0E /* BullseyeNOlesiak.app */ = {isa = PBXFileReference; explicitFileType = wrapper.application; includeInIndex = 0; path = BullseyeNOlesiak.app; sourceTree = BUILT_PRODUCTS_DIR; };
		11E142EC2801E98400E42D0E /* BullseyeNOlesiakApp.swift */ = {isa = PBXFileReference; lastKnownFileType = sourcecode.swift; path = BullseyeNOlesiakApp.swift; sourceTree = "<group>"; };
		11E142EE2801E98400E42D0E /* ContentView.swift */ = {isa = PBXFileReference; lastKnownFileType = sourcecode.swift; path = ContentView.swift; sourceTree = "<group>"; };
		11E142F02801E98500E42D0E /* Assets.xcassets */ = {isa = PBXFileReference; lastKnownFileType = folder.assetcatalog; path = Assets.xcassets; sourceTree = "<group>"; };
		11E142F32801E98500E42D0E /* Preview Assets.xcassets */ = {isa = PBXFileReference; lastKnownFileType = folder.assetcatalog; path = "Preview Assets.xcassets"; sourceTree = "<group>"; };
/* End PBXFileReference section */

/* Begin PBXFrameworksBuildPhase section */
		11670ED428020AFA00F20601 /* Frameworks */ = {
			isa = PBXFrameworksBuildPhase;
			buildActionMask = 2147483647;
			files = (
			);
			runOnlyForDeploymentPostprocessing = 0;
		};
		11E142E62801E98400E42D0E /* Frameworks */ = {
			isa = PBXFrameworksBuildPhase;
			buildActionMask = 2147483647;
			files = (
			);
			runOnlyForDeploymentPostprocessing = 0;
		};
/* End PBXFrameworksBuildPhase section */

/* Begin PBXGroup section */
		11670ECE2802065000F20601 /* Models */ = {
			isa = PBXGroup;
			children = (
				11670ED1280206CA00F20601 /* Game.swift */,
			);
			path = Models;
			sourceTree = "<group>";
		};
		11670ECF2802065900F20601 /* Views */ = {
			isa = PBXGroup;
			children = (
				11E142EE2801E98400E42D0E /* ContentView.swift */,
				11670EE028021CCC00F20601 /* TextViews.swift */,
			);
			path = Views;
			sourceTree = "<group>";
		};
		11670ED02802066600F20601 /* App */ = {
			isa = PBXGroup;
			children = (
				11E142EC2801E98400E42D0E /* BullseyeNOlesiakApp.swift */,
				11E142F02801E98500E42D0E /* Assets.xcassets */,
			);
			path = App;
			sourceTree = "<group>";
		};
		11670ED828020AFA00F20601 /* BullseyeNOlesiakTests */ = {
			isa = PBXGroup;
			children = (
				11670ED928020AFA00F20601 /* BullseyeNOlesiakTests.swift */,
			);
			path = BullseyeNOlesiakTests;
			sourceTree = "<group>";
		};
		11E142E02801E98400E42D0E = {
			isa = PBXGroup;
			children = (
				11E142EB2801E98400E42D0E /* BullseyeNOlesiak */,
				11670ED828020AFA00F20601 /* BullseyeNOlesiakTests */,
				11E142EA2801E98400E42D0E /* Products */,
			);
			sourceTree = "<group>";
		};
		11E142EA2801E98400E42D0E /* Products */ = {
			isa = PBXGroup;
			children = (
				11E142E92801E98400E42D0E /* BullseyeNOlesiak.app */,
				11670ED728020AFA00F20601 /* BullseyeNOlesiakTests.xctest */,
			);
			name = Products;
			sourceTree = "<group>";
		};
		11E142EB2801E98400E42D0E /* BullseyeNOlesiak */ = {
			isa = PBXGroup;
			children = (
				11670ED02802066600F20601 /* App */,
				11670ECF2802065900F20601 /* Views */,
				11670ECE2802065000F20601 /* Models */,
				11E142F22801E98500E42D0E /* Preview Content */,
			);
			path = BullseyeNOlesiak;
			sourceTree = "<group>";
		};
		11E142F22801E98500E42D0E /* Preview Content */ = {
			isa = PBXGroup;
			children = (
				11E142F32801E98500E42D0E /* Preview Assets.xcassets */,
			);
			path = "Preview Content";
			sourceTree = "<group>";
		};
/* End PBXGroup section */

/* Begin PBXNativeTarget section */
		11670ED628020AFA00F20601 /* BullseyeNOlesiakTests */ = {
			isa = PBXNativeTarget;
			buildConfigurationList = 11670EDD28020AFA00F20601 /* Build configuration list for PBXNativeTarget "BullseyeNOlesiakTests" */;
			buildPhases = (
				11670ED328020AFA00F20601 /* Sources */,
				11670ED428020AFA00F20601 /* Frameworks */,
				11670ED528020AFA00F20601 /* Resources */,
			);
			buildRules = (
			);
			dependencies = (
				11670EDC28020AFA00F20601 /* PBXTargetDependency */,
			);
			name = BullseyeNOlesiakTests;
			productName = BullseyeNOlesiakTests;
			productReference = 11670ED728020AFA00F20601 /* BullseyeNOlesiakTests.xctest */;
			productType = "com.apple.product-type.bundle.unit-test";
		};
		11E142E82801E98400E42D0E /* BullseyeNOlesiak */ = {
			isa = PBXNativeTarget;
			buildConfigurationList = 11E142F72801E98500E42D0E /* Build configuration list for PBXNativeTarget "BullseyeNOlesiak" */;
			buildPhases = (
				11E142E52801E98400E42D0E /* Sources */,
				11E142E62801E98400E42D0E /* Frameworks */,
				11E142E72801E98400E42D0E /* Resources */,
			);
			buildRules = (
			);
			dependencies = (
			);
			name = BullseyeNOlesiak;
			productName = BullseyeNOlesiak;
			productReference = 11E142E92801E98400E42D0E /* BullseyeNOlesiak.app */;
			productType = "com.apple.product-type.application";
		};
/* End PBXNativeTarget section */

/* Begin PBXProject section */
		11E142E12801E98400E42D0E /* Project object */ = {
			isa = PBXProject;
			attributes = {
				BuildIndependentTargetsInParallel = 1;
				LastSwiftUpdateCheck = 1330;
				LastUpgradeCheck = 1330;
				TargetAttributes = {
					11670ED628020AFA00F20601 = {
						CreatedOnToolsVersion = 13.3;
						TestTargetID = 11E142E82801E98400E42D0E;
					};
					11E142E82801E98400E42D0E = {
						CreatedOnToolsVersion = 13.3;
					};
				};
			};
			buildConfigurationList = 11E142E42801E98400E42D0E /* Build configuration list for PBXProject "BullseyeNOlesiak" */;
			compatibilityVersion = "Xcode 13.0";
			developmentRegion = en;
			hasScannedForEncodings = 0;
			knownRegions = (
				en,
				Base,
			);
			mainGroup = 11E142E02801E98400E42D0E;
			productRefGroup = 11E142EA2801E98400E42D0E /* Products */;
			projectDirPath = "";
			projectRoot = "";
			targets = (
				11E142E82801E98400E42D0E /* BullseyeNOlesiak */,
				11670ED628020AFA00F20601 /* BullseyeNOlesiakTests */,
			);
		};
/* End PBXProject section */

/* Begin PBXResourcesBuildPhase section */
		11670ED528020AFA00F20601 /* Resources */ = {
			isa = PBXResourcesBuildPhase;
			buildActionMask = 2147483647;
			files = (
			);
			runOnlyForDeploymentPostprocessing = 0;
		};
		11E142E72801E98400E42D0E /* Resources */ = {
			isa = PBXResourcesBuildPhase;
			buildActionMask = 2147483647;
			files = (
				11E142F42801E98500E42D0E /* Preview Assets.xcassets in Resources */,
				11E142F12801E98500E42D0E /* Assets.xcassets in Resources */,
			);
			runOnlyForDeploymentPostprocessing = 0;
		};
/* End PBXResourcesBuildPhase section */

/* Begin PBXSourcesBuildPhase section */
		11670ED328020AFA00F20601 /* Sources */ = {
			isa = PBXSourcesBuildPhase;
			buildActionMask = 2147483647;
			files = (
				11670EDA28020AFA00F20601 /* BullseyeNOlesiakTests.swift in Sources */,
			);
			runOnlyForDeploymentPostprocessing = 0;
		};
		11E142E52801E98400E42D0E /* Sources */ = {
			isa = PBXSourcesBuildPhase;
			buildActionMask = 2147483647;
			files = (
				11E142EF2801E98400E42D0E /* ContentView.swift in Sources */,
				11670EE128021CCC00F20601 /* TextViews.swift in Sources */,
				11670ED2280206CA00F20601 /* Game.swift in Sources */,
				11E142ED2801E98400E42D0E /* BullseyeNOlesiakApp.swift in Sources */,
			);
			runOnlyForDeploymentPostprocessing = 0;
		};
/* End PBXSourcesBuildPhase section */

/* Begin PBXTargetDependency section */
		11670EDC28020AFA00F20601 /* PBXTargetDependency */ = {
			isa = PBXTargetDependency;
			target = 11E142E82801E98400E42D0E /* BullseyeNOlesiak */;
			targetProxy = 11670EDB28020AFA00F20601 /* PBXContainerItemProxy */;
		};
/* End PBXTargetDependency section */

/* Begin XCBuildConfiguration section */
		11670EDE28020AFA00F20601 /* Debug */ = {
			isa = XCBuildConfiguration;
			buildSettings = {
				BUNDLE_LOADER = "$(TEST_HOST)";
				CODE_SIGN_STYLE = Automatic;
				CURRENT_PROJECT_VERSION = 1;
				GENERATE_INFOPLIST_FILE = YES;
				MARKETING_VERSION = 1.0;
				PRODUCT_BUNDLE_IDENTIFIER = com.nolesiak.BullseyeNOlesiakTests;
				PRODUCT_NAME = "$(TARGET_NAME)";
				SWIFT_EMIT_LOC_STRINGS = NO;
				SWIFT_VERSION = 5.0;
				TARGETED_DEVICE_FAMILY = "1,2";
				TEST_HOST = "$(BUILT_PRODUCTS_DIR)/BullseyeNOlesiak.app/BullseyeNOlesiak";
			};
			name = Debug;
		};
		11670EDF28020AFA00F20601 /* Release */ = {
			isa = XCBuildConfiguration;
			buildSettings = {
				BUNDLE_LOADER = "$(TEST_HOST)";
				CODE_SIGN_STYLE = Automatic;
				CURRENT_PROJECT_VERSION = 1;
				GENERATE_INFOPLIST_FILE = YES;
				MARKETING_VERSION = 1.0;
				PRODUCT_BUNDLE_IDENTIFIER = com.nolesiak.BullseyeNOlesiakTests;
				PRODUCT_NAME = "$(TARGET_NAME)";
				SWIFT_EMIT_LOC_STRINGS = NO;
				SWIFT_VERSION = 5.0;
				TARGETED_DEVICE_FAMILY = "1,2";
				TEST_HOST = "$(BUILT_PRODUCTS_DIR)/BullseyeNOlesiak.app/BullseyeNOlesiak";
			};
			name = Release;
		};
		11E142F52801E98500E42D0E /* Debug */ = {
			isa = XCBuildConfiguration;
			buildSettings = {
				ALWAYS_SEARCH_USER_PATHS = NO;
				CLANG_ANALYZER_NONNULL = YES;
				CLANG_ANALYZER_NUMBER_OBJECT_CONVERSION = YES_AGGRESSIVE;
				CLANG_CXX_LANGUAGE_STANDARD = "gnu++17";
				CLANG_ENABLE_MODULES = YES;
				CLANG_ENABLE_OBJC_ARC = YES;
				CLANG_ENABLE_OBJC_WEAK = YES;
				CLANG_WARN_BLOCK_CAPTURE_AUTORELEASING = YES;
				CLANG_WARN_BOOL_CONVERSION = YES;
				CLANG_WARN_COMMA = YES;
				CLANG_WARN_CONSTANT_CONVERSION = YES;
				CLANG_WARN_DEPRECATED_OBJC_IMPLEMENTATIONS = YES;
				CLANG_WARN_DIRECT_OBJC_ISA_USAGE = YES_ERROR;
				CLANG_WARN_DOCUMENTATION_COMMENTS = YES;
				CLANG_WARN_EMPTY_BODY = YES;
				CLANG_WARN_ENUM_CONVERSION = YES;
				CLANG_WARN_INFINITE_RECURSION = YES;
				CLANG_WARN_INT_CONVERSION = YES;
				CLANG_WARN_NON_LITERAL_NULL_CONVERSION = YES;
				CLANG_WARN_OBJC_IMPLICIT_RETAIN_SELF = YES;
				CLANG_WARN_OBJC_LITERAL_CONVERSION = YES;
				CLANG_WARN_OBJC_ROOT_CLASS = YES_ERROR;
				CLANG_WARN_QUOTED_INCLUDE_IN_FRAMEWORK_HEADER = YES;
				CLANG_WARN_RANGE_LOOP_ANALYSIS = YES;
				CLANG_WARN_STRICT_PROTOTYPES = YES;
				CLANG_WARN_SUSPICIOUS_MOVE = YES;
				CLANG_WARN_UNGUARDED_AVAILABILITY = YES_AGGRESSIVE;
				CLANG_WARN_UNREACHABLE_CODE = YES;
				CLANG_WARN__DUPLICATE_METHOD_MATCH = YES;
				COPY_PHASE_STRIP = NO;
				DEBUG_INFORMATION_FORMAT = dwarf;
				ENABLE_STRICT_OBJC_MSGSEND = YES;
				ENABLE_TESTABILITY = YES;
				GCC_C_LANGUAGE_STANDARD = gnu11;
				GCC_DYNAMIC_NO_PIC = NO;
				GCC_NO_COMMON_BLOCKS = YES;
				GCC_OPTIMIZATION_LEVEL = 0;
				GCC_PREPROCESSOR_DEFINITIONS = (
					"DEBUG=1",
					"$(inherited)",
				);
				GCC_WARN_64_TO_32_BIT_CONVERSION = YES;
				GCC_WARN_ABOUT_RETURN_TYPE = YES_ERROR;
				GCC_WARN_UNDECLARED_SELECTOR = YES;
				GCC_WARN_UNINITIALIZED_AUTOS = YES_AGGRESSIVE;
				GCC_WARN_UNUSED_FUNCTION = YES;
				GCC_WARN_UNUSED_VARIABLE = YES;
				IPHONEOS_DEPLOYMENT_TARGET = 15.4;
				MTL_ENABLE_DEBUG_INFO = INCLUDE_SOURCE;
				MTL_FAST_MATH = YES;
				ONLY_ACTIVE_ARCH = YES;
				SDKROOT = iphoneos;
				SWIFT_ACTIVE_COMPILATION_CONDITIONS = DEBUG;
				SWIFT_OPTIMIZATION_LEVEL = "-Onone";
			};
			name = Debug;
		};
		11E142F62801E98500E42D0E /* Release */ = {
			isa = XCBuildConfiguration;
			buildSettings = {
				ALWAYS_SEARCH_USER_PATHS = NO;
				CLANG_ANALYZER_NONNULL = YES;
				CLANG_ANALYZER_NUMBER_OBJECT_CONVERSION = YES_AGGRESSIVE;
				CLANG_CXX_LANGUAGE_STANDARD = "gnu++17";
				CLANG_ENABLE_MODULES = YES;
				CLANG_ENABLE_OBJC_ARC = YES;
				CLANG_ENABLE_OBJC_WEAK = YES;
				CLANG_WARN_BLOCK_CAPTURE_AUTORELEASING = YES;
				CLANG_WARN_BOOL_CONVERSION = YES;
				CLANG_WARN_COMMA = YES;
				CLANG_WARN_CONSTANT_CONVERSION = YES;
				CLANG_WARN_DEPRECATED_OBJC_IMPLEMENTATIONS = YES;
				CLANG_WARN_DIRECT_OBJC_ISA_USAGE = YES_ERROR;
				CLANG_WARN_DOCUMENTATION_COMMENTS = YES;
				CLANG_WARN_EMPTY_BODY = YES;
				CLANG_WARN_ENUM_CONVERSION = YES;
				CLANG_WARN_INFINITE_RECURSION = YES;
				CLANG_WARN_INT_CONVERSION = YES;
				CLANG_WARN_NON_LITERAL_NULL_CONVERSION = YES;
				CLANG_WARN_OBJC_IMPLICIT_RETAIN_SELF = YES;
				CLANG_WARN_OBJC_LITERAL_CONVERSION = YES;
				CLANG_WARN_OBJC_ROOT_CLASS = YES_ERROR;
				CLANG_WARN_QUOTED_INCLUDE_IN_FRAMEWORK_HEADER = YES;
				CLANG_WARN_RANGE_LOOP_ANALYSIS = YES;
				CLANG_WARN_STRICT_PROTOTYPES = YES;
				CLANG_WARN_SUSPICIOUS_MOVE = YES;
				CLANG_WARN_UNGUARDED_AVAILABILITY = YES_AGGRESSIVE;
				CLANG_WARN_UNREACHABLE_CODE = YES;
				CLANG_WARN__DUPLICATE_METHOD_MATCH = YES;
				COPY_PHASE_STRIP = NO;
				DEBUG_INFORMATION_FORMAT = "dwarf-with-dsym";
				ENABLE_NS_ASSERTIONS = NO;
				ENABLE_STRICT_OBJC_MSGSEND = YES;
				GCC_C_LANGUAGE_STANDARD = gnu11;
				GCC_NO_COMMON_BLOCKS = YES;
				GCC_WARN_64_TO_32_BIT_CONVERSION = YES;
				GCC_WARN_ABOUT_RETURN_TYPE = YES_ERROR;
				GCC_WARN_UNDECLARED_SELECTOR = YES;
				GCC_WARN_UNINITIALIZED_AUTOS = YES_AGGRESSIVE;
				GCC_WARN_UNUSED_FUNCTION = YES;
				GCC_WARN_UNUSED_VARIABLE = YES;
				IPHONEOS_DEPLOYMENT_TARGET = 15.4;
				MTL_ENABLE_DEBUG_INFO = NO;
				MTL_FAST_MATH = YES;
				SDKROOT = iphoneos;
				SWIFT_COMPILATION_MODE = wholemodule;
				SWIFT_OPTIMIZATION_LEVEL = "-O";
				VALIDATE_PRODUCT = YES;
			};
			name = Release;
		};
		11E142F82801E98500E42D0E /* Debug */ = {
			isa = XCBuildConfiguration;
			buildSettings = {
				ASSETCATALOG_COMPILER_APPICON_NAME = AppIcon;
				ASSETCATALOG_COMPILER_GLOBAL_ACCENT_COLOR_NAME = AccentColor;
				CODE_SIGN_STYLE = Automatic;
				CURRENT_PROJECT_VERSION = 1;
				DEVELOPMENT_ASSET_PATHS = "\"BullseyeNOlesiak/Preview Content\"";
				ENABLE_PREVIEWS = YES;
				GENERATE_INFOPLIST_FILE = YES;
				INFOPLIST_KEY_UIApplicationSceneManifest_Generation = YES;
				INFOPLIST_KEY_UIApplicationSupportsIndirectInputEvents = YES;
				INFOPLIST_KEY_UILaunchScreen_Generation = YES;
				INFOPLIST_KEY_UISupportedInterfaceOrientations_iPad = "UIInterfaceOrientationPortrait UIInterfaceOrientationPortraitUpsideDown UIInterfaceOrientationLandscapeLeft UIInterfaceOrientationLandscapeRight";
				INFOPLIST_KEY_UISupportedInterfaceOrientations_iPhone = "UIInterfaceOrientationPortrait UIInterfaceOrientationLandscapeLeft UIInterfaceOrientationLandscapeRight";
				LD_RUNPATH_SEARCH_PATHS = (
					"$(inherited)",
					"@executable_path/Frameworks",
				);
				MARKETING_VERSION = 1.0;
				PRODUCT_BUNDLE_IDENTIFIER = com.nolesiak.BullseyeNOlesiak;
				PRODUCT_NAME = "$(TARGET_NAME)";
				SWIFT_EMIT_LOC_STRINGS = YES;
				SWIFT_VERSION = 5.0;
				TARGETED_DEVICE_FAMILY = "1,2";
			};
			name = Debug;
		};
		11E142F92801E98500E42D0E /* Release */ = {
			isa = XCBuildConfiguration;
			buildSettings = {
				ASSETCATALOG_COMPILER_APPICON_NAME = AppIcon;
				ASSETCATALOG_COMPILER_GLOBAL_ACCENT_COLOR_NAME = AccentColor;
				CODE_SIGN_STYLE = Automatic;
				CURRENT_PROJECT_VERSION = 1;
				DEVELOPMENT_ASSET_PATHS = "\"BullseyeNOlesiak/Preview Content\"";
				ENABLE_PREVIEWS = YES;
				GENERATE_INFOPLIST_FILE = YES;
				INFOPLIST_KEY_UIApplicationSceneManifest_Generation = YES;
				INFOPLIST_KEY_UIApplicationSupportsIndirectInputEvents = YES;
				INFOPLIST_KEY_UILaunchScreen_Generation = YES;
				INFOPLIST_KEY_UISupportedInterfaceOrientations_iPad = "UIInterfaceOrientationPortrait UIInterfaceOrientationPortraitUpsideDown UIInterfaceOrientationLandscapeLeft UIInterfaceOrientationLandscapeRight";
				INFOPLIST_KEY_UISupportedInterfaceOrientations_iPhone = "UIInterfaceOrientationPortrait UIInterfaceOrientationLandscapeLeft UIInterfaceOrientationLandscapeRight";
				LD_RUNPATH_SEARCH_PATHS = (
					"$(inherited)",
					"@executable_path/Frameworks",
				);
				MARKETING_VERSION = 1.0;
				PRODUCT_BUNDLE_IDENTIFIER = com.nolesiak.BullseyeNOlesiak;
				PRODUCT_NAME = "$(TARGET_NAME)";
				SWIFT_EMIT_LOC_STRINGS = YES;
				SWIFT_VERSION = 5.0;
				TARGETED_DEVICE_FAMILY = "1,2";
			};
			name = Release;
		};
/* End XCBuildConfiguration section */

/* Begin XCConfigurationList section */
		11670EDD28020AFA00F20601 /* Build configuration list for PBXNativeTarget "BullseyeNOlesiakTests" */ = {
			isa = XCConfigurationList;
			buildConfigurations = (
				11670EDE28020AFA00F20601 /* Debug */,
				11670EDF28020AFA00F20601 /* Release */,
			);
			defaultConfigurationIsVisible = 0;
			defaultConfigurationName = Release;
		};
		11E142E42801E98400E42D0E /* Build configuration list for PBXProject "BullseyeNOlesiak" */ = {
			isa = XCConfigurationList;
			buildConfigurations = (
				11E142F52801E98500E42D0E /* Debug */,
				11E142F62801E98500E42D0E /* Release */,
			);
			defaultConfigurationIsVisible = 0;
			defaultConfigurationName = Release;
		};
		11E142F72801E98500E42D0E /* Build configuration list for PBXNativeTarget "BullseyeNOlesiak" */ = {
			isa = XCConfigurationList;
			buildConfigurations = (
				11E142F82801E98500E42D0E /* Debug */,
				11E142F92801E98500E42D0E /* Release */,
			);
			defaultConfigurationIsVisible = 0;
			defaultConfigurationName = Release;
		};
/* End XCConfigurationList section */
	};
	rootObject = 11E142E12801E98400E42D0E /* Project object */;
}
